// !$*UTF8*$!
{
	archiveVersion = 1;
	classes = {
	};
	objectVersion = 46;
	objects = {

/* Begin PBXBuildFile section */
		20B869FB1E0D7C74001300C9 /* AppDelegate.swift in Sources */ = {isa = PBXBuildFile; fileRef = 20B869FA1E0D7C74001300C9 /* AppDelegate.swift */; };
		20B86A021E0D7C74001300C9 /* Assets.xcassets in Resources */ = {isa = PBXBuildFile; fileRef = 20B86A011E0D7C74001300C9 /* Assets.xcassets */; };
		20B86A051E0D7C74001300C9 /* LaunchScreen.storyboard in Resources */ = {isa = PBXBuildFile; fileRef = 20B86A031E0D7C74001300C9 /* LaunchScreen.storyboard */; };
		20B86A131E0D81C2001300C9 /* LogInViewController.swift in Sources */ = {isa = PBXBuildFile; fileRef = 20B86A111E0D81C2001300C9 /* LogInViewController.swift */; };
		20B86A141E0D81C2001300C9 /* LogInViewController.xib in Resources */ = {isa = PBXBuildFile; fileRef = 20B86A121E0D81C2001300C9 /* LogInViewController.xib */; };
		D03B0C58EDAC7C5A06AC4705 /* Pods_TwitterClient.framework in Frameworks */ = {isa = PBXBuildFile; fileRef = 1AC92B38E69007DDA6E75CA8 /* Pods_TwitterClient.framework */; };
/* End PBXBuildFile section */

/* Begin PBXFileReference section */
		1AC92B38E69007DDA6E75CA8 /* Pods_TwitterClient.framework */ = {isa = PBXFileReference; explicitFileType = wrapper.framework; includeInIndex = 0; path = Pods_TwitterClient.framework; sourceTree = BUILT_PRODUCTS_DIR; };
		20B869F71E0D7C74001300C9 /* TwitterClient.app */ = {isa = PBXFileReference; explicitFileType = wrapper.application; includeInIndex = 0; path = TwitterClient.app; sourceTree = BUILT_PRODUCTS_DIR; };
		20B869FA1E0D7C74001300C9 /* AppDelegate.swift */ = {isa = PBXFileReference; lastKnownFileType = sourcecode.swift; path = AppDelegate.swift; sourceTree = "<group>"; };
		20B86A011E0D7C74001300C9 /* Assets.xcassets */ = {isa = PBXFileReference; lastKnownFileType = folder.assetcatalog; path = Assets.xcassets; sourceTree = "<group>"; };
		20B86A041E0D7C74001300C9 /* Base */ = {isa = PBXFileReference; lastKnownFileType = file.storyboard; name = Base; path = Base.lproj/LaunchScreen.storyboard; sourceTree = "<group>"; };
		20B86A061E0D7C74001300C9 /* Info.plist */ = {isa = PBXFileReference; lastKnownFileType = text.plist.xml; path = Info.plist; sourceTree = "<group>"; };
		20B86A111E0D81C2001300C9 /* LogInViewController.swift */ = {isa = PBXFileReference; fileEncoding = 4; lastKnownFileType = sourcecode.swift; path = LogInViewController.swift; sourceTree = "<group>"; };
		20B86A121E0D81C2001300C9 /* LogInViewController.xib */ = {isa = PBXFileReference; fileEncoding = 4; lastKnownFileType = file.xib; path = LogInViewController.xib; sourceTree = "<group>"; };
		522717CC646EFDDAC69BD1D8 /* Pods-TwitterClient.release.xcconfig */ = {isa = PBXFileReference; includeInIndex = 1; lastKnownFileType = text.xcconfig; name = "Pods-TwitterClient.release.xcconfig"; path = "Pods/Target Support Files/Pods-TwitterClient/Pods-TwitterClient.release.xcconfig"; sourceTree = "<group>"; };
		6C2DA51C9CA2E229BD962167 /* Pods-TwitterClient.debug.xcconfig */ = {isa = PBXFileReference; includeInIndex = 1; lastKnownFileType = text.xcconfig; name = "Pods-TwitterClient.debug.xcconfig"; path = "Pods/Target Support Files/Pods-TwitterClient/Pods-TwitterClient.debug.xcconfig"; sourceTree = "<group>"; };
/* End PBXFileReference section */

/* Begin PBXFrameworksBuildPhase section */
		20B869F41E0D7C74001300C9 /* Frameworks */ = {
			isa = PBXFrameworksBuildPhase;
			buildActionMask = 2147483647;
			files = (
				D03B0C58EDAC7C5A06AC4705 /* Pods_TwitterClient.framework in Frameworks */,
			);
			runOnlyForDeploymentPostprocessing = 0;
		};
/* End PBXFrameworksBuildPhase section */

/* Begin PBXGroup section */
		20B869EE1E0D7C74001300C9 = {
			isa = PBXGroup;
			children = (
				20B869F91E0D7C74001300C9 /* TwitterClient */,
				20B869F81E0D7C74001300C9 /* Products */,
				5BC33C1EC91B371FC8B97FF6 /* Pods */,
				5CCBE240A3967B2795BFC022 /* Frameworks */,
			);
			sourceTree = "<group>";
		};
		20B869F81E0D7C74001300C9 /* Products */ = {
			isa = PBXGroup;
			children = (
				20B869F71E0D7C74001300C9 /* TwitterClient.app */,
			);
			name = Products;
			sourceTree = "<group>";
		};
		20B869F91E0D7C74001300C9 /* TwitterClient */ = {
			isa = PBXGroup;
			children = (
				20B869FA1E0D7C74001300C9 /* AppDelegate.swift */,
				20B86A011E0D7C74001300C9 /* Assets.xcassets */,
				20B86A0F1E0D8164001300C9 /* ViewControllers */,
				20B86A061E0D7C74001300C9 /* Info.plist */,
				20B86A031E0D7C74001300C9 /* LaunchScreen.storyboard */,
			);
			path = TwitterClient;
			sourceTree = "<group>";
		};
		20B86A0F1E0D8164001300C9 /* ViewControllers */ = {
			isa = PBXGroup;
			children = (
				20B86A101E0D81A0001300C9 /* LogIn */,
			);
			path = ViewControllers;
			sourceTree = "<group>";
		};
		20B86A101E0D81A0001300C9 /* LogIn */ = {
			isa = PBXGroup;
			children = (
				20B86A111E0D81C2001300C9 /* LogInViewController.swift */,
				20B86A121E0D81C2001300C9 /* LogInViewController.xib */,
			);
			name = LogIn;
			path = Login;
			sourceTree = "<group>";
		};
		5BC33C1EC91B371FC8B97FF6 /* Pods */ = {
			isa = PBXGroup;
			children = (
				6C2DA51C9CA2E229BD962167 /* Pods-TwitterClient.debug.xcconfig */,
				522717CC646EFDDAC69BD1D8 /* Pods-TwitterClient.release.xcconfig */,
			);
			name = Pods;
			sourceTree = "<group>";
		};
		5CCBE240A3967B2795BFC022 /* Frameworks */ = {
			isa = PBXGroup;
			children = (
				1AC92B38E69007DDA6E75CA8 /* Pods_TwitterClient.framework */,
			);
			name = Frameworks;
			sourceTree = "<group>";
		};
/* End PBXGroup section */

/* Begin PBXNativeTarget section */
		20B869F61E0D7C74001300C9 /* TwitterClient */ = {
			isa = PBXNativeTarget;
			buildConfigurationList = 20B86A091E0D7C74001300C9 /* Build configuration list for PBXNativeTarget "TwitterClient" */;
			buildPhases = (
				F980055732A80432F8C806C2 /* [CP] Check Pods Manifest.lock */,
				20B869F31E0D7C74001300C9 /* Sources */,
				20B869F41E0D7C74001300C9 /* Frameworks */,
				20B869F51E0D7C74001300C9 /* Resources */,
				7F210F3E48C0252678440761 /* [CP] Embed Pods Frameworks */,
				3181DF945B389B9307DCB551 /* [CP] Copy Pods Resources */,
				20B86A0C1E0D7FCC001300C9 /* ShellScript */,
			);
			buildRules = (
			);
			dependencies = (
			);
			name = TwitterClient;
			productName = TwitterClient;
			productReference = 20B869F71E0D7C74001300C9 /* TwitterClient.app */;
			productType = "com.apple.product-type.application";
		};
/* End PBXNativeTarget section */

/* Begin PBXProject section */
		20B869EF1E0D7C74001300C9 /* Project object */ = {
			isa = PBXProject;
			attributes = {
				LastSwiftUpdateCheck = 0800;
				LastUpgradeCheck = 0800;
				ORGANIZATIONNAME = Eventtus;
				TargetAttributes = {
					20B869F61E0D7C74001300C9 = {
						CreatedOnToolsVersion = 8.0;
						DevelopmentTeam = CTDLNV2NUV;
						ProvisioningStyle = Automatic;
					};
				};
			};
			buildConfigurationList = 20B869F21E0D7C74001300C9 /* Build configuration list for PBXProject "TwitterClient" */;
			compatibilityVersion = "Xcode 3.2";
			developmentRegion = English;
			hasScannedForEncodings = 0;
			knownRegions = (
				en,
				Base,
			);
			mainGroup = 20B869EE1E0D7C74001300C9;
			productRefGroup = 20B869F81E0D7C74001300C9 /* Products */;
			projectDirPath = "";
			projectRoot = "";
			targets = (
				20B869F61E0D7C74001300C9 /* TwitterClient */,
			);
		};
/* End PBXProject section */

/* Begin PBXResourcesBuildPhase section */
		20B869F51E0D7C74001300C9 /* Resources */ = {
			isa = PBXResourcesBuildPhase;
			buildActionMask = 2147483647;
			files = (
				20B86A051E0D7C74001300C9 /* LaunchScreen.storyboard in Resources */,
				20B86A021E0D7C74001300C9 /* Assets.xcassets in Resources */,
				20B86A141E0D81C2001300C9 /* LogInViewController.xib in Resources */,
			);
			runOnlyForDeploymentPostprocessing = 0;
		};
/* End PBXResourcesBuildPhase section */

/* Begin PBXShellScriptBuildPhase section */
		20B86A0C1E0D7FCC001300C9 /* ShellScript */ = {
			isa = PBXShellScriptBuildPhase;
			buildActionMask = 2147483647;
			files = (
			);
			inputPaths = (
			);
			outputPaths = (
			);
			runOnlyForDeploymentPostprocessing = 0;
			shellPath = /bin/sh;
			shellScript = "\"${PODS_ROOT}/Fabric/run\" c3793b0a6a96d3b65b6e417dce97d70c8e54efca d869c5dd1d9090f86682acea0e54340237d0445a1f5d351fd771a62ceea0a607";
		};
		3181DF945B389B9307DCB551 /* [CP] Copy Pods Resources */ = {
			isa = PBXShellScriptBuildPhase;
			buildActionMask = 2147483647;
			files = (
			);
			inputPaths = (
			);
			name = "[CP] Copy Pods Resources";
			outputPaths = (
			);
			runOnlyForDeploymentPostprocessing = 0;
			shellPath = /bin/sh;
			shellScript = "\"${SRCROOT}/Pods/Target Support Files/Pods-TwitterClient/Pods-TwitterClient-resources.sh\"\n";
			showEnvVarsInLog = 0;
		};
		7F210F3E48C0252678440761 /* [CP] Embed Pods Frameworks */ = {
			isa = PBXShellScriptBuildPhase;
			buildActionMask = 2147483647;
			files = (
			);
			inputPaths = (
			);
			name = "[CP] Embed Pods Frameworks";
			outputPaths = (
			);
			runOnlyForDeploymentPostprocessing = 0;
			shellPath = /bin/sh;
			shellScript = "\"${SRCROOT}/Pods/Target Support Files/Pods-TwitterClient/Pods-TwitterClient-frameworks.sh\"\n";
			showEnvVarsInLog = 0;
		};
		F980055732A80432F8C806C2 /* [CP] Check Pods Manifest.lock */ = {
			isa = PBXShellScriptBuildPhase;
			buildActionMask = 2147483647;
			files = (
			);
			inputPaths = (
			);
			name = "[CP] Check Pods Manifest.lock";
			outputPaths = (
			);
			runOnlyForDeploymentPostprocessing = 0;
			shellPath = /bin/sh;
			shellScript = "diff \"${PODS_ROOT}/../Podfile.lock\" \"${PODS_ROOT}/Manifest.lock\" > /dev/null\nif [ $? != 0 ] ; then\n    # print error to STDERR\n    echo \"error: The sandbox is not in sync with the Podfile.lock. Run 'pod install' or update your CocoaPods installation.\" >&2\n    exit 1\nfi\n";
			showEnvVarsInLog = 0;
		};
/* End PBXShellScriptBuildPhase section */

/* Begin PBXSourcesBuildPhase section */
		20B869F31E0D7C74001300C9 /* Sources */ = {
			isa = PBXSourcesBuildPhase;
			buildActionMask = 2147483647;
			files = (
				20B86A131E0D81C2001300C9 /* LogInViewController.swift in Sources */,
				20B869FB1E0D7C74001300C9 /* AppDelegate.swift in Sources */,
			);
			runOnlyForDeploymentPostprocessing = 0;
		};
/* End PBXSourcesBuildPhase section */

/* Begin PBXVariantGroup section */
		20B86A031E0D7C74001300C9 /* LaunchScreen.storyboard */ = {
			isa = PBXVariantGroup;
			children = (
				20B86A041E0D7C74001300C9 /* Base */,
			);
			name = LaunchScreen.storyboard;
			sourceTree = "<group>";
		};
/* End PBXVariantGroup section */

/* Begin XCBuildConfiguration section */
		20B86A071E0D7C74001300C9 /* Debug */ = {
			isa = XCBuildConfiguration;
			buildSettings = {
				ALWAYS_SEARCH_USER_PATHS = NO;
				CLANG_ANALYZER_NONNULL = YES;
				CLANG_CXX_LANGUAGE_STANDARD = "gnu++0x";
				CLANG_CXX_LIBRARY = "libc++";
				CLANG_ENABLE_MODULES = YES;
				CLANG_ENABLE_OBJC_ARC = YES;
				CLANG_WARN_BOOL_CONVERSION = YES;
				CLANG_WARN_CONSTANT_CONVERSION = YES;
				CLANG_WARN_DIRECT_OBJC_ISA_USAGE = YES_ERROR;
				CLANG_WARN_DOCUMENTATION_COMMENTS = YES;
				CLANG_WARN_EMPTY_BODY = YES;
				CLANG_WARN_ENUM_CONVERSION = YES;
				CLANG_WARN_INFINITE_RECURSION = YES;
				CLANG_WARN_INT_CONVERSION = YES;
				CLANG_WARN_OBJC_ROOT_CLASS = YES_ERROR;
				CLANG_WARN_SUSPICIOUS_MOVES = YES;
				CLANG_WARN_UNREACHABLE_CODE = YES;
				CLANG_WARN__DUPLICATE_METHOD_MATCH = YES;
				"CODE_SIGN_IDENTITY[sdk=iphoneos*]" = "iPhone Developer";
				COPY_PHASE_STRIP = NO;
				DEBUG_INFORMATION_FORMAT = dwarf;
				ENABLE_STRICT_OBJC_MSGSEND = YES;
				ENABLE_TESTABILITY = YES;
				GCC_C_LANGUAGE_STANDARD = gnu99;
				GCC_DYNAMIC_NO_PIC = NO;
				GCC_NO_COMMON_BLOCKS = YES;
				GCC_OPTIMIZATION_LEVEL = 0;
				GCC_PREPROCESSOR_DEFINITIONS = (
					"DEBUG=1",
					"$(inherited)",
				);
				GCC_WARN_64_TO_32_BIT_CONVERSION = YES;
				GCC_WARN_ABOUT_RETURN_TYPE = YES_ERROR;
				GCC_WARN_UNDECLARED_SELECTOR = YES;
				GCC_WARN_UNINITIALIZED_AUTOS = YES_AGGRESSIVE;
				GCC_WARN_UNUSED_FUNCTION = YES;
				GCC_WARN_UNUSED_VARIABLE = YES;
				IPHONEOS_DEPLOYMENT_TARGET = 10.0;
				MTL_ENABLE_DEBUG_INFO = YES;
				ONLY_ACTIVE_ARCH = YES;
				SDKROOT = iphoneos;
				SWIFT_ACTIVE_COMPILATION_CONDITIONS = DEBUG;
				SWIFT_OPTIMIZATION_LEVEL = "-Onone";
			};
			name = Debug;
		};
		20B86A081E0D7C74001300C9 /* Release */ = {
			isa = XCBuildConfiguration;
			buildSettings = {
				ALWAYS_SEARCH_USER_PATHS = NO;
				CLANG_ANALYZER_NONNULL = YES;
				CLANG_CXX_LANGUAGE_STANDARD = "gnu++0x";
				CLANG_CXX_LIBRARY = "libc++";
				CLANG_ENABLE_MODULES = YES;
				CLANG_ENABLE_OBJC_ARC = YES;
				CLANG_WARN_BOOL_CONVERSION = YES;
				CLANG_WARN_CONSTANT_CONVERSION = YES;
				CLANG_WARN_DIRECT_OBJC_ISA_USAGE = YES_ERROR;
				CLANG_WARN_DOCUMENTATION_COMMENTS = YES;
				CLANG_WARN_EMPTY_BODY = YES;
				CLANG_WARN_ENUM_CONVERSION = YES;
				CLANG_WARN_INFINITE_RECURSION = YES;
				CLANG_WARN_INT_CONVERSION = YES;
				CLANG_WARN_OBJC_ROOT_CLASS = YES_ERROR;
				CLANG_WARN_SUSPICIOUS_MOVES = YES;
				CLANG_WARN_UNREACHABLE_CODE = YES;
				CLANG_WARN__DUPLICATE_METHOD_MATCH = YES;
				"CODE_SIGN_IDENTITY[sdk=iphoneos*]" = "iPhone Developer";
				COPY_PHASE_STRIP = NO;
				DEBUG_INFORMATION_FORMAT = "dwarf-with-dsym";
				ENABLE_NS_ASSERTIONS = NO;
				ENABLE_STRICT_OBJC_MSGSEND = YES;
				GCC_C_LANGUAGE_STANDARD = gnu99;
				GCC_NO_COMMON_BLOCKS = YES;
				GCC_WARN_64_TO_32_BIT_CONVERSION = YES;
				GCC_WARN_ABOUT_RETURN_TYPE = YES_ERROR;
				GCC_WARN_UNDECLARED_SELECTOR = YES;
				GCC_WARN_UNINITIALIZED_AUTOS = YES_AGGRESSIVE;
				GCC_WARN_UNUSED_FUNCTION = YES;
				GCC_WARN_UNUSED_VARIABLE = YES;
				IPHONEOS_DEPLOYMENT_TARGET = 10.0;
				MTL_ENABLE_DEBUG_INFO = NO;
				SDKROOT = iphoneos;
				SWIFT_OPTIMIZATION_LEVEL = "-Owholemodule";
				VALIDATE_PRODUCT = YES;
			};
			name = Release;
		};
		20B86A0A1E0D7C74001300C9 /* Debug */ = {
			isa = XCBuildConfiguration;
			baseConfigurationReference = 6C2DA51C9CA2E229BD962167 /* Pods-TwitterClient.debug.xcconfig */;
			buildSettings = {
				ASSETCATALOG_COMPILER_APPICON_NAME = AppIcon;
				DEVELOPMENT_TEAM = CTDLNV2NUV;
				INFOPLIST_FILE = TwitterClient/Info.plist;
				IPHONEOS_DEPLOYMENT_TARGET = 10.0;
				LD_RUNPATH_SEARCH_PATHS = "$(inherited) @executable_path/Frameworks";
				PRODUCT_BUNDLE_IDENTIFIER = challenges.TwitterClient;
				PRODUCT_NAME = "$(TARGET_NAME)";
				SWIFT_VERSION = 3.0;
			};
			name = Debug;
		};
		20B86A0B1E0D7C74001300C9 /* Release */ = {
			isa = XCBuildConfiguration;
			baseConfigurationReference = 522717CC646EFDDAC69BD1D8 /* Pods-TwitterClient.release.xcconfig */;
			buildSettings = {
				ASSETCATALOG_COMPILER_APPICON_NAME = AppIcon;
				DEVELOPMENT_TEAM = CTDLNV2NUV;
				INFOPLIST_FILE = TwitterClient/Info.plist;
				IPHONEOS_DEPLOYMENT_TARGET = 10.0;
				LD_RUNPATH_SEARCH_PATHS = "$(inherited) @executable_path/Frameworks";
				PRODUCT_BUNDLE_IDENTIFIER = challenges.TwitterClient;
				PRODUCT_NAME = "$(TARGET_NAME)";
				SWIFT_VERSION = 3.0;
			};
			name = Release;
		};
/* End XCBuildConfiguration section */

/* Begin XCConfigurationList section */
		20B869F21E0D7C74001300C9 /* Build configuration list for PBXProject "TwitterClient" */ = {
			isa = XCConfigurationList;
			buildConfigurations = (
				20B86A071E0D7C74001300C9 /* Debug */,
				20B86A081E0D7C74001300C9 /* Release */,
			);
			defaultConfigurationIsVisible = 0;
			defaultConfigurationName = Release;
		};
		20B86A091E0D7C74001300C9 /* Build configuration list for PBXNativeTarget "TwitterClient" */ = {
			isa = XCConfigurationList;
			buildConfigurations = (
				20B86A0A1E0D7C74001300C9 /* Debug */,
				20B86A0B1E0D7C74001300C9 /* Release */,
			);
			defaultConfigurationIsVisible = 0;
			defaultConfigurationName = Release;
		};
/* End XCConfigurationList section */
	};
	rootObject = 20B869EF1E0D7C74001300C9 /* Project object */;
}
